
Microsoft Visual Studio Solution File, Format Version 12.00
# Visual Studio Version 16
VisualStudioVersion = 16.0.30309.148
MinimumVisualStudioVersion = 10.0.40219.1
Project("{FAE04EC0-301F-11D3-BF4B-00C04F79EFBC}") = "Client", "Client\Client.csproj", "{D5851C10-C1DA-4AB7-A39F-962263107CCA}"
EndProject
Global
	GlobalSection(SolutionConfigurationPlatforms) = preSolution
		Debug|Any CPU = Debug|Any CPU
		Release|Any CPU = Release|Any CPU
	EndGlobalSection
	GlobalSection(ProjectConfigurationPlatforms) = postSolution
		{D5851C10-C1DA-4AB7-A39F-962263107CCA}.Debug|Any CPU.ActiveCfg = Debug|Any CPU
		{D5851C10-C1DA-4AB7-A39F-962263107CCA}.Debug|Any CPU.Build.0 = Debug|Any CPU
		{D5851C10-C1DA-4AB7-A39F-962263107CCA}.Release|Any CPU.ActiveCfg = Release|Any CPU
		{D5851C10-C1DA-4AB7-A39F-962263107CCA}.Release|Any CPU.Build.0 = Release|Any CPU
	EndGlobalSection
	GlobalSection(SolutionProperties) = preSolution
		HideSolutionNode = FALSE
	EndGlobalSection
	GlobalSection(ExtensibilityGlobals) = postSolution
		SolutionGuid = {D3BD6F62-C671-4EDE-A65C-38A625AA283C}
	EndGlobalSection
EndGlobal
